// !$*UTF8*$!
{
	archiveVersion = 1;
	classes = {
	};
	objectVersion = 56;
	objects = {

/* Begin PBXBuildFile section */
		759F5EC428F6D0FE006B1E45 /* AppDelegate.swift in Sources */ = {isa = PBXBuildFile; fileRef = 759F5EC328F6D0FE006B1E45 /* AppDelegate.swift */; };
		759F5EC628F6D0FE006B1E45 /* SceneDelegate.swift in Sources */ = {isa = PBXBuildFile; fileRef = 759F5EC528F6D0FE006B1E45 /* SceneDelegate.swift */; };
		759F5EC828F6D0FE006B1E45 /* ViewController.swift in Sources */ = {isa = PBXBuildFile; fileRef = 759F5EC728F6D0FE006B1E45 /* ViewController.swift */; };
		759F5ECB28F6D0FE006B1E45 /* Main.storyboard in Resources */ = {isa = PBXBuildFile; fileRef = 759F5EC928F6D0FE006B1E45 /* Main.storyboard */; };
		759F5ECD28F6D0FF006B1E45 /* Assets.xcassets in Resources */ = {isa = PBXBuildFile; fileRef = 759F5ECC28F6D0FF006B1E45 /* Assets.xcassets */; };
		759F5ED028F6D0FF006B1E45 /* LaunchScreen.storyboard in Resources */ = {isa = PBXBuildFile; fileRef = 759F5ECE28F6D0FF006B1E45 /* LaunchScreen.storyboard */; };
		759F5ED828F80ADE006B1E45 /* LocationSwipe.swift in Sources */ = {isa = PBXBuildFile; fileRef = 759F5ED728F80ADE006B1E45 /* LocationSwipe.swift */; };
		75DDB6B12906C1FA00D0DFF0 /* Ubuntu-L.ttf in Resources */ = {isa = PBXBuildFile; fileRef = 75DDB6AF2906BDEA00D0DFF0 /* Ubuntu-L.ttf */; };
		75DDB6B22906C1FF00D0DFF0 /* Ubuntu-Th.ttf in Resources */ = {isa = PBXBuildFile; fileRef = 75DDB6AC2906B70C00D0DFF0 /* Ubuntu-Th.ttf */; };
		75FF60872904266300CEB8E5 /* StartRabbitViewController.swift in Sources */ = {isa = PBXBuildFile; fileRef = 75FF60862904266300CEB8E5 /* StartRabbitViewController.swift */; };
		75FF60AB290699B000CEB8E5 /* Shadow.swift in Sources */ = {isa = PBXBuildFile; fileRef = 75FF60AA290699B000CEB8E5 /* Shadow.swift */; };
		75FF60AD29069A1F00CEB8E5 /* CustomViews.swift in Sources */ = {isa = PBXBuildFile; fileRef = 75FF60AC29069A1F00CEB8E5 /* CustomViews.swift */; };
/* End PBXBuildFile section */

/* Begin PBXFileReference section */
		759F5EC028F6D0FE006B1E45 /* HomeWork14.app */ = {isa = PBXFileReference; explicitFileType = wrapper.application; includeInIndex = 0; path = HomeWork14.app; sourceTree = BUILT_PRODUCTS_DIR; };
		759F5EC328F6D0FE006B1E45 /* AppDelegate.swift */ = {isa = PBXFileReference; lastKnownFileType = sourcecode.swift; path = AppDelegate.swift; sourceTree = "<group>"; };
		759F5EC528F6D0FE006B1E45 /* SceneDelegate.swift */ = {isa = PBXFileReference; lastKnownFileType = sourcecode.swift; path = SceneDelegate.swift; sourceTree = "<group>"; };
		759F5EC728F6D0FE006B1E45 /* ViewController.swift */ = {isa = PBXFileReference; lastKnownFileType = sourcecode.swift; path = ViewController.swift; sourceTree = "<group>"; };
		759F5ECA28F6D0FE006B1E45 /* Base */ = {isa = PBXFileReference; lastKnownFileType = file.storyboard; name = Base; path = Base.lproj/Main.storyboard; sourceTree = "<group>"; };
		759F5ECC28F6D0FF006B1E45 /* Assets.xcassets */ = {isa = PBXFileReference; lastKnownFileType = folder.assetcatalog; path = Assets.xcassets; sourceTree = "<group>"; };
		759F5ECF28F6D0FF006B1E45 /* Base */ = {isa = PBXFileReference; lastKnownFileType = file.storyboard; name = Base; path = Base.lproj/LaunchScreen.storyboard; sourceTree = "<group>"; };
		759F5ED128F6D0FF006B1E45 /* Info.plist */ = {isa = PBXFileReference; lastKnownFileType = text.plist.xml; path = Info.plist; sourceTree = "<group>"; };
		759F5ED728F80ADE006B1E45 /* LocationSwipe.swift */ = {isa = PBXFileReference; lastKnownFileType = sourcecode.swift; path = LocationSwipe.swift; sourceTree = "<group>"; };
		75DDB6AC2906B70C00D0DFF0 /* Ubuntu-Th.ttf */ = {isa = PBXFileReference; lastKnownFileType = file; path = "Ubuntu-Th.ttf"; sourceTree = "<group>"; };
		75DDB6AF2906BDEA00D0DFF0 /* Ubuntu-L.ttf */ = {isa = PBXFileReference; lastKnownFileType = file; path = "Ubuntu-L.ttf"; sourceTree = "<group>"; };
		75FF60862904266300CEB8E5 /* StartRabbitViewController.swift */ = {isa = PBXFileReference; lastKnownFileType = sourcecode.swift; path = StartRabbitViewController.swift; sourceTree = "<group>"; };
		75FF60AA290699B000CEB8E5 /* Shadow.swift */ = {isa = PBXFileReference; lastKnownFileType = sourcecode.swift; path = Shadow.swift; sourceTree = "<group>"; };
		75FF60AC29069A1F00CEB8E5 /* CustomViews.swift */ = {isa = PBXFileReference; lastKnownFileType = sourcecode.swift; path = CustomViews.swift; sourceTree = "<group>"; };
/* End PBXFileReference section */

/* Begin PBXFrameworksBuildPhase section */
		759F5EBD28F6D0FE006B1E45 /* Frameworks */ = {
			isa = PBXFrameworksBuildPhase;
			buildActionMask = 2147483647;
			files = (
			);
			runOnlyForDeploymentPostprocessing = 0;
		};
/* End PBXFrameworksBuildPhase section */

/* Begin PBXGroup section */
		759F5EB728F6D0FE006B1E45 = {
			isa = PBXGroup;
			children = (
				759F5EC228F6D0FE006B1E45 /* HomeWork14 */,
				759F5EC128F6D0FE006B1E45 /* Products */,
			);
			sourceTree = "<group>";
		};
		759F5EC128F6D0FE006B1E45 /* Products */ = {
			isa = PBXGroup;
			children = (
				759F5EC028F6D0FE006B1E45 /* HomeWork14.app */,
			);
			name = Products;
			sourceTree = "<group>";
		};
		759F5EC228F6D0FE006B1E45 /* HomeWork14 */ = {
			isa = PBXGroup;
			children = (
				75DDB6AB2906B6A000D0DFF0 /* Fonts */,
				759F5EC328F6D0FE006B1E45 /* AppDelegate.swift */,
				759F5EC528F6D0FE006B1E45 /* SceneDelegate.swift */,
				75FF60862904266300CEB8E5 /* StartRabbitViewController.swift */,
				759F5EC728F6D0FE006B1E45 /* ViewController.swift */,
				759F5ED728F80ADE006B1E45 /* LocationSwipe.swift */,
				75FF60AC29069A1F00CEB8E5 /* CustomViews.swift */,
				75FF60AA290699B000CEB8E5 /* Shadow.swift */,
				759F5EC928F6D0FE006B1E45 /* Main.storyboard */,
				759F5ECC28F6D0FF006B1E45 /* Assets.xcassets */,
				759F5ECE28F6D0FF006B1E45 /* LaunchScreen.storyboard */,
				759F5ED128F6D0FF006B1E45 /* Info.plist */,
			);
			path = HomeWork14;
			sourceTree = "<group>";
		};
		75DDB6AB2906B6A000D0DFF0 /* Fonts */ = {
			isa = PBXGroup;
			children = (
				75DDB6AF2906BDEA00D0DFF0 /* Ubuntu-L.ttf */,
				75DDB6AC2906B70C00D0DFF0 /* Ubuntu-Th.ttf */,
			);
			path = Fonts;
			sourceTree = "<group>";
		};
/* End PBXGroup section */

/* Begin PBXNativeTarget section */
		759F5EBF28F6D0FE006B1E45 /* HomeWork14 */ = {
			isa = PBXNativeTarget;
			buildConfigurationList = 759F5ED428F6D0FF006B1E45 /* Build configuration list for PBXNativeTarget "HomeWork14" */;
			buildPhases = (
				759F5EBC28F6D0FE006B1E45 /* Sources */,
				759F5EBD28F6D0FE006B1E45 /* Frameworks */,
				759F5EBE28F6D0FE006B1E45 /* Resources */,
			);
			buildRules = (
			);
			dependencies = (
			);
			name = HomeWork14;
			productName = HomeWork14;
			productReference = 759F5EC028F6D0FE006B1E45 /* HomeWork14.app */;
			productType = "com.apple.product-type.application";
		};
/* End PBXNativeTarget section */

/* Begin PBXProject section */
		759F5EB828F6D0FE006B1E45 /* Project object */ = {
			isa = PBXProject;
			attributes = {
				BuildIndependentTargetsInParallel = 1;
				LastSwiftUpdateCheck = 1400;
				LastUpgradeCheck = 1400;
				TargetAttributes = {
					759F5EBF28F6D0FE006B1E45 = {
						CreatedOnToolsVersion = 14.0.1;
					};
				};
			};
			buildConfigurationList = 759F5EBB28F6D0FE006B1E45 /* Build configuration list for PBXProject "HomeWork14" */;
			compatibilityVersion = "Xcode 14.0";
			developmentRegion = en;
			hasScannedForEncodings = 0;
			knownRegions = (
				en,
				Base,
			);
			mainGroup = 759F5EB728F6D0FE006B1E45;
			productRefGroup = 759F5EC128F6D0FE006B1E45 /* Products */;
			projectDirPath = "";
			projectRoot = "";
			targets = (
				759F5EBF28F6D0FE006B1E45 /* HomeWork14 */,
			);
		};
/* End PBXProject section */

/* Begin PBXResourcesBuildPhase section */
		759F5EBE28F6D0FE006B1E45 /* Resources */ = {
			isa = PBXResourcesBuildPhase;
			buildActionMask = 2147483647;
			files = (
				75DDB6B22906C1FF00D0DFF0 /* Ubuntu-Th.ttf in Resources */,
				75DDB6B12906C1FA00D0DFF0 /* Ubuntu-L.ttf in Resources */,
				759F5ED028F6D0FF006B1E45 /* LaunchScreen.storyboard in Resources */,
				759F5ECD28F6D0FF006B1E45 /* Assets.xcassets in Resources */,
				759F5ECB28F6D0FE006B1E45 /* Main.storyboard in Resources */,
			);
			runOnlyForDeploymentPostprocessing = 0;
		};
/* End PBXResourcesBuildPhase section */

/* Begin PBXSourcesBuildPhase section */
		759F5EBC28F6D0FE006B1E45 /* Sources */ = {
			isa = PBXSourcesBuildPhase;
			buildActionMask = 2147483647;
			files = (
				75FF60872904266300CEB8E5 /* StartRabbitViewController.swift in Sources */,
				759F5EC828F6D0FE006B1E45 /* ViewController.swift in Sources */,
				75FF60AD29069A1F00CEB8E5 /* CustomViews.swift in Sources */,
				759F5EC428F6D0FE006B1E45 /* AppDelegate.swift in Sources */,
				75FF60AB290699B000CEB8E5 /* Shadow.swift in Sources */,
				759F5EC628F6D0FE006B1E45 /* SceneDelegate.swift in Sources */,
				759F5ED828F80ADE006B1E45 /* LocationSwipe.swift in Sources */,
			);
			runOnlyForDeploymentPostprocessing = 0;
		};
/* End PBXSourcesBuildPhase section */

/* Begin PBXVariantGroup section */
		759F5EC928F6D0FE006B1E45 /* Main.storyboard */ = {
			isa = PBXVariantGroup;
			children = (
				759F5ECA28F6D0FE006B1E45 /* Base */,
			);
			name = Main.storyboard;
			sourceTree = "<group>";
		};
		759F5ECE28F6D0FF006B1E45 /* LaunchScreen.storyboard */ = {
			isa = PBXVariantGroup;
			children = (
				759F5ECF28F6D0FF006B1E45 /* Base */,
			);
			name = LaunchScreen.storyboard;
			sourceTree = "<group>";
		};
/* End PBXVariantGroup section */

/* Begin XCBuildConfiguration section */
		759F5ED228F6D0FF006B1E45 /* Debug */ = {
			isa = XCBuildConfiguration;
			buildSettings = {
				ALWAYS_SEARCH_USER_PATHS = NO;
				CLANG_ANALYZER_NONNULL = YES;
				CLANG_ANALYZER_NUMBER_OBJECT_CONVERSION = YES_AGGRESSIVE;
				CLANG_CXX_LANGUAGE_STANDARD = "gnu++20";
				CLANG_ENABLE_MODULES = YES;
				CLANG_ENABLE_OBJC_ARC = YES;
				CLANG_ENABLE_OBJC_WEAK = YES;
				CLANG_WARN_BLOCK_CAPTURE_AUTORELEASING = YES;
				CLANG_WARN_BOOL_CONVERSION = YES;
				CLANG_WARN_COMMA = YES;
				CLANG_WARN_CONSTANT_CONVERSION = YES;
				CLANG_WARN_DEPRECATED_OBJC_IMPLEMENTATIONS = YES;
				CLANG_WARN_DIRECT_OBJC_ISA_USAGE = YES_ERROR;
				CLANG_WARN_DOCUMENTATION_COMMENTS = YES;
				CLANG_WARN_EMPTY_BODY = YES;
				CLANG_WARN_ENUM_CONVERSION = YES;
				CLANG_WARN_INFINITE_RECURSION = YES;
				CLANG_WARN_INT_CONVERSION = YES;
				CLANG_WARN_NON_LITERAL_NULL_CONVERSION = YES;
				CLANG_WARN_OBJC_IMPLICIT_RETAIN_SELF = YES;
				CLANG_WARN_OBJC_LITERAL_CONVERSION = YES;
				CLANG_WARN_OBJC_ROOT_CLASS = YES_ERROR;
				CLANG_WARN_QUOTED_INCLUDE_IN_FRAMEWORK_HEADER = YES;
				CLANG_WARN_RANGE_LOOP_ANALYSIS = YES;
				CLANG_WARN_STRICT_PROTOTYPES = YES;
				CLANG_WARN_SUSPICIOUS_MOVE = YES;
				CLANG_WARN_UNGUARDED_AVAILABILITY = YES_AGGRESSIVE;
				CLANG_WARN_UNREACHABLE_CODE = YES;
				CLANG_WARN__DUPLICATE_METHOD_MATCH = YES;
				COPY_PHASE_STRIP = NO;
				DEBUG_INFORMATION_FORMAT = dwarf;
				ENABLE_STRICT_OBJC_MSGSEND = YES;
				ENABLE_TESTABILITY = YES;
				GCC_C_LANGUAGE_STANDARD = gnu11;
				GCC_DYNAMIC_NO_PIC = NO;
				GCC_NO_COMMON_BLOCKS = YES;
				GCC_OPTIMIZATION_LEVEL = 0;
				GCC_PREPROCESSOR_DEFINITIONS = (
					"DEBUG=1",
					"$(inherited)",
				);
				GCC_WARN_64_TO_32_BIT_CONVERSION = YES;
				GCC_WARN_ABOUT_RETURN_TYPE = YES_ERROR;
				GCC_WARN_UNDECLARED_SELECTOR = YES;
				GCC_WARN_UNINITIALIZED_AUTOS = YES_AGGRESSIVE;
				GCC_WARN_UNUSED_FUNCTION = YES;
				GCC_WARN_UNUSED_VARIABLE = YES;
				IPHONEOS_DEPLOYMENT_TARGET = 16.0;
				MTL_ENABLE_DEBUG_INFO = INCLUDE_SOURCE;
				MTL_FAST_MATH = YES;
				ONLY_ACTIVE_ARCH = YES;
				SDKROOT = iphoneos;
				SWIFT_ACTIVE_COMPILATION_CONDITIONS = DEBUG;
				SWIFT_OPTIMIZATION_LEVEL = "-Onone";
			};
			name = Debug;
		};
		759F5ED328F6D0FF006B1E45 /* Release */ = {
			isa = XCBuildConfiguration;
			buildSettings = {
				ALWAYS_SEARCH_USER_PATHS = NO;
				CLANG_ANALYZER_NONNULL = YES;
				CLANG_ANALYZER_NUMBER_OBJECT_CONVERSION = YES_AGGRESSIVE;
				CLANG_CXX_LANGUAGE_STANDARD = "gnu++20";
				CLANG_ENABLE_MODULES = YES;
				CLANG_ENABLE_OBJC_ARC = YES;
				CLANG_ENABLE_OBJC_WEAK = YES;
				CLANG_WARN_BLOCK_CAPTURE_AUTORELEASING = YES;
				CLANG_WARN_BOOL_CONVERSION = YES;
				CLANG_WARN_COMMA = YES;
				CLANG_WARN_CONSTANT_CONVERSION = YES;
				CLANG_WARN_DEPRECATED_OBJC_IMPLEMENTATIONS = YES;
				CLANG_WARN_DIRECT_OBJC_ISA_USAGE = YES_ERROR;
				CLANG_WARN_DOCUMENTATION_COMMENTS = YES;
				CLANG_WARN_EMPTY_BODY = YES;
				CLANG_WARN_ENUM_CONVERSION = YES;
				CLANG_WARN_INFINITE_RECURSION = YES;
				CLANG_WARN_INT_CONVERSION = YES;
				CLANG_WARN_NON_LITERAL_NULL_CONVERSION = YES;
				CLANG_WARN_OBJC_IMPLICIT_RETAIN_SELF = YES;
				CLANG_WARN_OBJC_LITERAL_CONVERSION = YES;
				CLANG_WARN_OBJC_ROOT_CLASS = YES_ERROR;
				CLANG_WARN_QUOTED_INCLUDE_IN_FRAMEWORK_HEADER = YES;
				CLANG_WARN_RANGE_LOOP_ANALYSIS = YES;
				CLANG_WARN_STRICT_PROTOTYPES = YES;
				CLANG_WARN_SUSPICIOUS_MOVE = YES;
				CLANG_WARN_UNGUARDED_AVAILABILITY = YES_AGGRESSIVE;
				CLANG_WARN_UNREACHABLE_CODE = YES;
				CLANG_WARN__DUPLICATE_METHOD_MATCH = YES;
				COPY_PHASE_STRIP = NO;
				DEBUG_INFORMATION_FORMAT = "dwarf-with-dsym";
				ENABLE_NS_ASSERTIONS = NO;
				ENABLE_STRICT_OBJC_MSGSEND = YES;
				GCC_C_LANGUAGE_STANDARD = gnu11;
				GCC_NO_COMMON_BLOCKS = YES;
				GCC_WARN_64_TO_32_BIT_CONVERSION = YES;
				GCC_WARN_ABOUT_RETURN_TYPE = YES_ERROR;
				GCC_WARN_UNDECLARED_SELECTOR = YES;
				GCC_WARN_UNINITIALIZED_AUTOS = YES_AGGRESSIVE;
				GCC_WARN_UNUSED_FUNCTION = YES;
				GCC_WARN_UNUSED_VARIABLE = YES;
				IPHONEOS_DEPLOYMENT_TARGET = 16.0;
				MTL_ENABLE_DEBUG_INFO = NO;
				MTL_FAST_MATH = YES;
				SDKROOT = iphoneos;
				SWIFT_COMPILATION_MODE = wholemodule;
				SWIFT_OPTIMIZATION_LEVEL = "-O";
				VALIDATE_PRODUCT = YES;
			};
			name = Release;
		};
		759F5ED528F6D0FF006B1E45 /* Debug */ = {
			isa = XCBuildConfiguration;
			buildSettings = {
				ASSETCATALOG_COMPILER_APPICON_NAME = AppIcon;
				ASSETCATALOG_COMPILER_GLOBAL_ACCENT_COLOR_NAME = AccentColor;
				ASSETCATALOG_COMPILER_INCLUDE_ALL_APPICON_ASSETS = YES;
				CODE_SIGN_STYLE = Automatic;
				CURRENT_PROJECT_VERSION = 1;
				GENERATE_INFOPLIST_FILE = YES;
				INFOPLIST_FILE = HomeWork14/Info.plist;
				INFOPLIST_KEY_UIApplicationSupportsIndirectInputEvents = YES;
				INFOPLIST_KEY_UILaunchStoryboardName = LaunchScreen;
				INFOPLIST_KEY_UIMainStoryboardFile = Main;
				INFOPLIST_KEY_UISupportedInterfaceOrientations_iPad = "UIInterfaceOrientationPortrait UIInterfaceOrientationPortraitUpsideDown UIInterfaceOrientationLandscapeLeft UIInterfaceOrientationLandscapeRight";
				INFOPLIST_KEY_UISupportedInterfaceOrientations_iPhone = "UIInterfaceOrientationPortrait UIInterfaceOrientationLandscapeLeft UIInterfaceOrientationLandscapeRight";
				LD_RUNPATH_SEARCH_PATHS = (
					"$(inherited)",
					"@executable_path/Frameworks",
				);
				MARKETING_VERSION = 1.0;
				PRODUCT_BUNDLE_IDENTIFIER = TS.com.grabowskaya.HomeWork14;
				PRODUCT_NAME = "$(TARGET_NAME)";
				SWIFT_EMIT_LOC_STRINGS = YES;
				SWIFT_VERSION = 5.0;
				TARGETED_DEVICE_FAMILY = "1,2";
			};
			name = Debug;
		};
		759F5ED628F6D0FF006B1E45 /* Release */ = {
			isa = XCBuildConfiguration;
			buildSettings = {
				ASSETCATALOG_COMPILER_APPICON_NAME = AppIcon;
				ASSETCATALOG_COMPILER_GLOBAL_ACCENT_COLOR_NAME = AccentColor;
				ASSETCATALOG_COMPILER_INCLUDE_ALL_APPICON_ASSETS = YES;
				CODE_SIGN_STYLE = Automatic;
				CURRENT_PROJECT_VERSION = 1;
				GENERATE_INFOPLIST_FILE = YES;
				INFOPLIST_FILE = HomeWork14/Info.plist;
				INFOPLIST_KEY_UIApplicationSupportsIndirectInputEvents = YES;
				INFOPLIST_KEY_UILaunchStoryboardName = LaunchScreen;
				INFOPLIST_KEY_UIMainStoryboardFile = Main;
				INFOPLIST_KEY_UISupportedInterfaceOrientations_iPad = "UIInterfaceOrientationPortrait UIInterfaceOrientationPortraitUpsideDown UIInterfaceOrientationLandscapeLeft UIInterfaceOrientationLandscapeRight";
				INFOPLIST_KEY_UISupportedInterfaceOrientations_iPhone = "UIInterfaceOrientationPortrait UIInterfaceOrientationLandscapeLeft UIInterfaceOrientationLandscapeRight";
				LD_RUNPATH_SEARCH_PATHS = (
					"$(inherited)",
					"@executable_path/Frameworks",
				);
				MARKETING_VERSION = 1.0;
				PRODUCT_BUNDLE_IDENTIFIER = TS.com.grabowskaya.HomeWork14;
				PRODUCT_NAME = "$(TARGET_NAME)";
				SWIFT_EMIT_LOC_STRINGS = YES;
				SWIFT_VERSION = 5.0;
				TARGETED_DEVICE_FAMILY = "1,2";
			};
			name = Release;
		};
/* End XCBuildConfiguration section */

/* Begin XCConfigurationList section */
		759F5EBB28F6D0FE006B1E45 /* Build configuration list for PBXProject "HomeWork14" */ = {
			isa = XCConfigurationList;
			buildConfigurations = (
				759F5ED228F6D0FF006B1E45 /* Debug */,
				759F5ED328F6D0FF006B1E45 /* Release */,
			);
			defaultConfigurationIsVisible = 0;
			defaultConfigurationName = Release;
		};
		759F5ED428F6D0FF006B1E45 /* Build configuration list for PBXNativeTarget "HomeWork14" */ = {
			isa = XCConfigurationList;
			buildConfigurations = (
				759F5ED528F6D0FF006B1E45 /* Debug */,
				759F5ED628F6D0FF006B1E45 /* Release */,
			);
			defaultConfigurationIsVisible = 0;
			defaultConfigurationName = Release;
		};
/* End XCConfigurationList section */
	};
	rootObject = 759F5EB828F6D0FE006B1E45 /* Project object */;
}
